// !$*UTF8*$!
{
	archiveVersion = 1;
	classes = {
	};
	objectVersion = 46;
	objects = {

/* Begin PBXBuildFile section */
		98CE909FBC3BD5F65F168787 /* Pods_Controlio.framework in Frameworks */ = {isa = PBXBuildFile; fileRef = 7FE83454A2E4F5D30F57FC0B /* Pods_Controlio.framework */; };
		B301EFDD1CE59A0A0013CD4D /* UIImagePickerDelegate+UINavgiationControllerDelegate.swift in Sources */ = {isa = PBXBuildFile; fileRef = B301EFDC1CE59A0A0013CD4D /* UIImagePickerDelegate+UINavgiationControllerDelegate.swift */; };
		B30A42161DA61FC6001FB870 /* MagicLinkViewController.swift in Sources */ = {isa = PBXBuildFile; fileRef = B30A42151DA61FC6001FB870 /* MagicLinkViewController.swift */; };
		B30A42181DA6319C001FB870 /* UIApplication+TopVC.swift in Sources */ = {isa = PBXBuildFile; fileRef = B30A42171DA6319C001FB870 /* UIApplication+TopVC.swift */; };
		B33805C71E1F5BE70096B081 /* R.generated.swift in Sources */ = {isa = PBXBuildFile; fileRef = B33805C61E1F5BE70096B081 /* R.generated.swift */; };
		B37630511CE28737004FE1B7 /* AttachmentView.swift in Sources */ = {isa = PBXBuildFile; fileRef = B37630501CE28737004FE1B7 /* AttachmentView.swift */; };
		B37630531CE28741004FE1B7 /* AttachmentView.xib in Resources */ = {isa = PBXBuildFile; fileRef = B37630521CE28741004FE1B7 /* AttachmentView.xib */; };
		B37630551CE28CA4004FE1B7 /* AttachmentContainerView.swift in Sources */ = {isa = PBXBuildFile; fileRef = B37630541CE28CA4004FE1B7 /* AttachmentContainerView.swift */; };
		B37630581CE28E9B004FE1B7 /* AttachmentWrapperView.swift in Sources */ = {isa = PBXBuildFile; fileRef = B37630571CE28E9B004FE1B7 /* AttachmentWrapperView.swift */; };
		B37F10E21D962F2500CAA8D4 /* EditProfileViewController.swift in Sources */ = {isa = PBXBuildFile; fileRef = B37F10E11D962F2500CAA8D4 /* EditProfileViewController.swift */; };
		B37F10E51D962F9A00CAA8D4 /* EditProfileCell.swift in Sources */ = {isa = PBXBuildFile; fileRef = B37F10E31D962F9A00CAA8D4 /* EditProfileCell.swift */; };
		B38323651CDC3FB3004D0A1C /* SFUIDisplay-Black.otf in Resources */ = {isa = PBXBuildFile; fileRef = B383235C1CDC3FB2004D0A1C /* SFUIDisplay-Black.otf */; };
		B38323661CDC3FB3004D0A1C /* SFUIDisplay-Bold.otf in Resources */ = {isa = PBXBuildFile; fileRef = B383235D1CDC3FB2004D0A1C /* SFUIDisplay-Bold.otf */; };
		B38323671CDC3FB3004D0A1C /* SFUIDisplay-Heavy.otf in Resources */ = {isa = PBXBuildFile; fileRef = B383235E1CDC3FB2004D0A1C /* SFUIDisplay-Heavy.otf */; };
		B38323681CDC3FB3004D0A1C /* SFUIDisplay-Light.otf in Resources */ = {isa = PBXBuildFile; fileRef = B383235F1CDC3FB2004D0A1C /* SFUIDisplay-Light.otf */; };
		B38323691CDC3FB3004D0A1C /* SFUIDisplay-Medium.otf in Resources */ = {isa = PBXBuildFile; fileRef = B38323601CDC3FB2004D0A1C /* SFUIDisplay-Medium.otf */; };
		B383236A1CDC3FB3004D0A1C /* SFUIDisplay-Regular.otf in Resources */ = {isa = PBXBuildFile; fileRef = B38323611CDC3FB2004D0A1C /* SFUIDisplay-Regular.otf */; };
		B383236B1CDC3FB3004D0A1C /* SFUIDisplay-Semibold.otf in Resources */ = {isa = PBXBuildFile; fileRef = B38323621CDC3FB2004D0A1C /* SFUIDisplay-Semibold.otf */; };
		B383236C1CDC3FB3004D0A1C /* SFUIDisplay-Thin.otf in Resources */ = {isa = PBXBuildFile; fileRef = B38323631CDC3FB2004D0A1C /* SFUIDisplay-Thin.otf */; };
		B383236D1CDC3FB3004D0A1C /* SFUIDisplay-Ultralight.otf in Resources */ = {isa = PBXBuildFile; fileRef = B38323641CDC3FB2004D0A1C /* SFUIDisplay-Ultralight.otf */; };
		B38323851CDC409D004D0A1C /* SFUIText-Bold.otf in Resources */ = {isa = PBXBuildFile; fileRef = B383236E1CDC409D004D0A1C /* SFUIText-Bold.otf */; };
		B38323861CDC409D004D0A1C /* SFUIText-BoldG1.otf in Resources */ = {isa = PBXBuildFile; fileRef = B383236F1CDC409D004D0A1C /* SFUIText-BoldG1.otf */; };
		B38323871CDC409D004D0A1C /* SFUIText-BoldG2.otf in Resources */ = {isa = PBXBuildFile; fileRef = B38323701CDC409D004D0A1C /* SFUIText-BoldG2.otf */; };
		B38323881CDC409D004D0A1C /* SFUIText-BoldG3.otf in Resources */ = {isa = PBXBuildFile; fileRef = B38323711CDC409D004D0A1C /* SFUIText-BoldG3.otf */; };
		B38323891CDC409D004D0A1C /* SFUIText-BoldItalicG1.otf in Resources */ = {isa = PBXBuildFile; fileRef = B38323721CDC409D004D0A1C /* SFUIText-BoldItalicG1.otf */; };
		B383238A1CDC409D004D0A1C /* SFUIText-BoldItalicG2.otf in Resources */ = {isa = PBXBuildFile; fileRef = B38323731CDC409D004D0A1C /* SFUIText-BoldItalicG2.otf */; };
		B383238B1CDC409D004D0A1C /* SFUIText-BoldItalicG3.otf in Resources */ = {isa = PBXBuildFile; fileRef = B38323741CDC409D004D0A1C /* SFUIText-BoldItalicG3.otf */; };
		B383238C1CDC409D004D0A1C /* SFUIText-Heavy.otf in Resources */ = {isa = PBXBuildFile; fileRef = B38323751CDC409D004D0A1C /* SFUIText-Heavy.otf */; };
		B383238D1CDC409D004D0A1C /* SFUIText-HeavyItalic.otf in Resources */ = {isa = PBXBuildFile; fileRef = B38323761CDC409D004D0A1C /* SFUIText-HeavyItalic.otf */; };
		B383238E1CDC409D004D0A1C /* SFUIText-Italic.otf in Resources */ = {isa = PBXBuildFile; fileRef = B38323771CDC409D004D0A1C /* SFUIText-Italic.otf */; };
		B383238F1CDC409D004D0A1C /* SFUIText-ItalicG1.otf in Resources */ = {isa = PBXBuildFile; fileRef = B38323781CDC409D004D0A1C /* SFUIText-ItalicG1.otf */; };
		B38323901CDC409D004D0A1C /* SFUIText-ItalicG2.otf in Resources */ = {isa = PBXBuildFile; fileRef = B38323791CDC409D004D0A1C /* SFUIText-ItalicG2.otf */; };
		B38323911CDC409D004D0A1C /* SFUIText-ItalicG3.otf in Resources */ = {isa = PBXBuildFile; fileRef = B383237A1CDC409D004D0A1C /* SFUIText-ItalicG3.otf */; };
		B38323921CDC409D004D0A1C /* SFUIText-Light.otf in Resources */ = {isa = PBXBuildFile; fileRef = B383237B1CDC409D004D0A1C /* SFUIText-Light.otf */; };
		B38323931CDC409D004D0A1C /* SFUIText-LightItalic.otf in Resources */ = {isa = PBXBuildFile; fileRef = B383237C1CDC409D004D0A1C /* SFUIText-LightItalic.otf */; };
		B38323941CDC409D004D0A1C /* SFUIText-Medium.otf in Resources */ = {isa = PBXBuildFile; fileRef = B383237D1CDC409D004D0A1C /* SFUIText-Medium.otf */; };
		B38323951CDC409D004D0A1C /* SFUIText-MediumItalic.otf in Resources */ = {isa = PBXBuildFile; fileRef = B383237E1CDC409D004D0A1C /* SFUIText-MediumItalic.otf */; };
		B38323961CDC409D004D0A1C /* SFUIText-Regular.otf in Resources */ = {isa = PBXBuildFile; fileRef = B383237F1CDC409D004D0A1C /* SFUIText-Regular.otf */; };
		B38323971CDC409D004D0A1C /* SFUIText-RegularG1.otf in Resources */ = {isa = PBXBuildFile; fileRef = B38323801CDC409D004D0A1C /* SFUIText-RegularG1.otf */; };
		B38323981CDC409D004D0A1C /* SFUIText-RegularG2.otf in Resources */ = {isa = PBXBuildFile; fileRef = B38323811CDC409D004D0A1C /* SFUIText-RegularG2.otf */; };
		B38323991CDC409D004D0A1C /* SFUIText-RegularG3.otf in Resources */ = {isa = PBXBuildFile; fileRef = B38323821CDC409D004D0A1C /* SFUIText-RegularG3.otf */; };
		B383239A1CDC409D004D0A1C /* SFUIText-Semibold.otf in Resources */ = {isa = PBXBuildFile; fileRef = B38323831CDC409D004D0A1C /* SFUIText-Semibold.otf */; };
		B383239B1CDC409D004D0A1C /* SFUIText-SemiboldItalic.otf in Resources */ = {isa = PBXBuildFile; fileRef = B38323841CDC409D004D0A1C /* SFUIText-SemiboldItalic.otf */; };
		B383239D1CDC4336004D0A1C /* CatchPhraseView.swift in Sources */ = {isa = PBXBuildFile; fileRef = B383239C1CDC4336004D0A1C /* CatchPhraseView.swift */; };
		B390C7A31CDE96B800D5F021 /* DeepLink.swift in Sources */ = {isa = PBXBuildFile; fileRef = B390C7A21CDE96B800D5F021 /* DeepLink.swift */; };
		B390C7A51CDE9B5400D5F021 /* IndexPath+Additions.swift in Sources */ = {isa = PBXBuildFile; fileRef = B390C7A41CDE9B5400D5F021 /* IndexPath+Additions.swift */; };
		B3A178D71DB2D12500C0E311 /* PlansController.swift in Sources */ = {isa = PBXBuildFile; fileRef = B3A178D61DB2D12500C0E311 /* PlansController.swift */; };
		B3A89D541DB8069D00211EFF /* Payments.swift in Sources */ = {isa = PBXBuildFile; fileRef = B3A89D531DB8069D00211EFF /* Payments.swift */; };
		B3AA2F8F1C910ACC00FE7E54 /* RoundedBorderedTextField.swift in Sources */ = {isa = PBXBuildFile; fileRef = B3AA2F8E1C910ACC00FE7E54 /* RoundedBorderedTextField.swift */; };
		B3AA2F911C9110EF00FE7E54 /* LoginViewController.swift in Sources */ = {isa = PBXBuildFile; fileRef = B3AA2F901C9110EF00FE7E54 /* LoginViewController.swift */; };
		B3B2B92D1C90CD1600468342 /* AppDelegate.swift in Sources */ = {isa = PBXBuildFile; fileRef = B3B2B92C1C90CD1600468342 /* AppDelegate.swift */; };
		B3B2B9321C90CD1600468342 /* Login.storyboard in Resources */ = {isa = PBXBuildFile; fileRef = B3B2B9301C90CD1600468342 /* Login.storyboard */; };
		B3B2B9341C90CD1600468342 /* Assets.xcassets in Resources */ = {isa = PBXBuildFile; fileRef = B3B2B9331C90CD1600468342 /* Assets.xcassets */; };
		B3B2B9371C90CD1600468342 /* LaunchScreen.storyboard in Resources */ = {isa = PBXBuildFile; fileRef = B3B2B9351C90CD1600468342 /* LaunchScreen.storyboard */; };
		B3BA9C311CE18ED300647470 /* InputView.swift in Sources */ = {isa = PBXBuildFile; fileRef = B3BA9C301CE18ED300647470 /* InputView.swift */; };
		B3C03D0E1C90D70A0096E04C /* GradientView.swift in Sources */ = {isa = PBXBuildFile; fileRef = B3C03D0D1C90D70A0096E04C /* GradientView.swift */; };
		B3C03D101C90DAA60096E04C /* UIColor+Controlio.swift in Sources */ = {isa = PBXBuildFile; fileRef = B3C03D0F1C90DAA60096E04C /* UIColor+Controlio.swift */; };
		B3C03D121C90E6E70096E04C /* RoundedShadowedButton.swift in Sources */ = {isa = PBXBuildFile; fileRef = B3C03D111C90E6E70096E04C /* RoundedShadowedButton.swift */; };
		B3C03D171C90FEB70096E04C /* DemoAccountLanguage.swift in Sources */ = {isa = PBXBuildFile; fileRef = B3C03D161C90FEB70096E04C /* DemoAccountLanguage.swift */; };
		B3C03D1A1C90FF890096E04C /* UIAlertController+Additions.swift in Sources */ = {isa = PBXBuildFile; fileRef = B3C03D191C90FF890096E04C /* UIAlertController+Additions.swift */; };
		B3C305A11CDFD79500C8E85F /* SettingsController.swift in Sources */ = {isa = PBXBuildFile; fileRef = B3C305A01CDFD79500C8E85F /* SettingsController.swift */; };
		B3C305A31CDFE06200C8E85F /* ProjectController.swift in Sources */ = {isa = PBXBuildFile; fileRef = B3C305A21CDFE06200C8E85F /* ProjectController.swift */; };
		B3C305A61CDFE60B00C8E85F /* Project.swift in Sources */ = {isa = PBXBuildFile; fileRef = B3C305A51CDFE60B00C8E85F /* Project.swift */; };
		B3C305A81CDFEAB900C8E85F /* User.swift in Sources */ = {isa = PBXBuildFile; fileRef = B3C305A71CDFEAB900C8E85F /* User.swift */; };
		B3C305AA1CDFEB0200C8E85F /* Post.swift in Sources */ = {isa = PBXBuildFile; fileRef = B3C305A91CDFEB0200C8E85F /* Post.swift */; };
		B3C305AE1CDFF43400C8E85F /* NSDateFormatter+Extensions.swift in Sources */ = {isa = PBXBuildFile; fileRef = B3C305AD1CDFF43400C8E85F /* NSDateFormatter+Extensions.swift */; };
		B3C305B01CDFFB5900C8E85F /* PostCell.swift in Sources */ = {isa = PBXBuildFile; fileRef = B3C305AF1CDFFB5900C8E85F /* PostCell.swift */; };
		B3C305B41CE0031E00C8E85F /* String+Height.swift in Sources */ = {isa = PBXBuildFile; fileRef = B3C305B31CE0031E00C8E85F /* String+Height.swift */; };
		B3C35B0A1DB9D4F700F941F8 /* InputView.xib in Resources */ = {isa = PBXBuildFile; fileRef = B3C35B0C1DB9D4F700F941F8 /* InputView.xib */; };
		B3C35B121DB9E50C00F941F8 /* FeatureList.swift in Sources */ = {isa = PBXBuildFile; fileRef = B3C35B111DB9E50C00F941F8 /* FeatureList.swift */; };
		B3D1692C1CDDA5950080D748 /* PopupNotification.swift in Sources */ = {isa = PBXBuildFile; fileRef = B3D1692B1CDDA5950080D748 /* PopupNotification.swift */; };
		B3D1692E1CDDC15F0080D748 /* SupportController.swift in Sources */ = {isa = PBXBuildFile; fileRef = B3D1692D1CDDC15F0080D748 /* SupportController.swift */; };
		B3D8C6F41CFBFBF4001EE432 /* Server.swift in Sources */ = {isa = PBXBuildFile; fileRef = B3D8C6F31CFBFBF4001EE432 /* Server.swift */; };
		B3D8C6F61CFBFC6B001EE432 /* Config.swift in Sources */ = {isa = PBXBuildFile; fileRef = B3D8C6F51CFBFC6B001EE432 /* Config.swift */; };
		B3D8C6F81CFBFD7E001EE432 /* NSUserDefaults+extensions.swift in Sources */ = {isa = PBXBuildFile; fileRef = B3D8C6F71CFBFD7E001EE432 /* NSUserDefaults+extensions.swift */; };
		B3D8C6FA1CFC0A78001EE432 /* S3.swift in Sources */ = {isa = PBXBuildFile; fileRef = B3D8C6F91CFC0A78001EE432 /* S3.swift */; };
		B3E57BF11D9602DB00F699F1 /* AddManagerCell.swift in Sources */ = {isa = PBXBuildFile; fileRef = B3E57BEF1D9602DB00F699F1 /* AddManagerCell.swift */; };
		B3E57BF21D9602DB00F699F1 /* AddManagerCell.xib in Resources */ = {isa = PBXBuildFile; fileRef = B3E57BF01D9602DB00F699F1 /* AddManagerCell.xib */; };
		B3E57BF41D9604B100F699F1 /* AddManagerViewController.swift in Sources */ = {isa = PBXBuildFile; fileRef = B3E57BF31D9604B100F699F1 /* AddManagerViewController.swift */; };
		B3E634D31C91344400C0572A /* Router.swift in Sources */ = {isa = PBXBuildFile; fileRef = B3E634D21C91344400C0572A /* Router.swift */; };
		B3E634D51C91444700C0572A /* RecoveryViewController.swift in Sources */ = {isa = PBXBuildFile; fileRef = B3E634D41C91444700C0572A /* RecoveryViewController.swift */; };
		B3E634DD1C914D6200C0572A /* MainController.swift in Sources */ = {isa = PBXBuildFile; fileRef = B3E634DC1C914D6200C0572A /* MainController.swift */; };
		B3E634DF1C91514D00C0572A /* ProjectsController.swift in Sources */ = {isa = PBXBuildFile; fileRef = B3E634DE1C91514D00C0572A /* ProjectsController.swift */; };
		B3E634E11C915B9300C0572A /* UISearchBar+CursorTint.swift in Sources */ = {isa = PBXBuildFile; fileRef = B3E634E01C915B9300C0572A /* UISearchBar+CursorTint.swift */; };
		B3E7B1281D9B3D40004FBF86 /* Platform.swift in Sources */ = {isa = PBXBuildFile; fileRef = B3E7B1271D9B3D40004FBF86 /* Platform.swift */; };
		B3E7B12A1D9B969C004FBF86 /* String+EmailValidation.swift in Sources */ = {isa = PBXBuildFile; fileRef = B3E7B1291D9B969C004FBF86 /* String+EmailValidation.swift */; };
		B3E7B12C1D9F0DBC004FBF86 /* Date+ISO.swift in Sources */ = {isa = PBXBuildFile; fileRef = B3E7B12B1D9F0DBC004FBF86 /* Date+ISO.swift */; };
		B3E7B12E1DA08857004FBF86 /* ImageGallery.swift in Sources */ = {isa = PBXBuildFile; fileRef = B3E7B12D1DA08857004FBF86 /* ImageGallery.swift */; };
		B3E815791CE1566900E8F87B /* NewProjectCell.swift in Sources */ = {isa = PBXBuildFile; fileRef = B3E815771CE1566900E8F87B /* NewProjectCell.swift */; };
		B3E8157C1CE1603400E8F87B /* NewProjectController.swift in Sources */ = {isa = PBXBuildFile; fileRef = B3E8157B1CE1603400E8F87B /* NewProjectController.swift */; };
		B3EA11491D93A7350026658B /* ManagerTableViewController.swift in Sources */ = {isa = PBXBuildFile; fileRef = B3EA11481D93A7350026658B /* ManagerTableViewController.swift */; };
		B3EA114C1D93A9740026658B /* UserCell.swift in Sources */ = {isa = PBXBuildFile; fileRef = B3EA114A1D93A9740026658B /* UserCell.swift */; };
		B3EA114D1D93A9740026658B /* UserCell.xib in Resources */ = {isa = PBXBuildFile; fileRef = B3EA114B1D93A9740026658B /* UserCell.xib */; };
		B3F303881DAF491200535FCD /* Main.storyboard in Resources */ = {isa = PBXBuildFile; fileRef = B3F3038A1DAF491200535FCD /* Main.storyboard */; };
		B3F3038D1DAF4AE900535FCD /* ProjectCell.xib in Resources */ = {isa = PBXBuildFile; fileRef = B3F3038F1DAF4AE900535FCD /* ProjectCell.xib */; };
		B3F303921DAF4B0500535FCD /* PostCell.xib in Resources */ = {isa = PBXBuildFile; fileRef = B3F303941DAF4B0500535FCD /* PostCell.xib */; };
		B3F303971DAF4B1800535FCD /* NewProjectCell.xib in Resources */ = {isa = PBXBuildFile; fileRef = B3F303991DAF4B1800535FCD /* NewProjectCell.xib */; };
		B3F3039C1DAF4B6700535FCD /* EditProfileCell.xib in Resources */ = {isa = PBXBuildFile; fileRef = B3F3039E1DAF4B6700535FCD /* EditProfileCell.xib */; };
		B3F303A31DAF53B600535FCD /* Localizable.strings in Resources */ = {isa = PBXBuildFile; fileRef = B3F303A51DAF53B600535FCD /* Localizable.strings */; };
		B3FEB83F1C9630290048B688 /* ProjectCell.swift in Sources */ = {isa = PBXBuildFile; fileRef = B3FEB83D1C9630290048B688 /* ProjectCell.swift */; };
		B3FEB8441C9630BA0048B688 /* UIImageView+BeautifulWebImage.swift in Sources */ = {isa = PBXBuildFile; fileRef = B3FEB8431C9630BA0048B688 /* UIImageView+BeautifulWebImage.swift */; };
		B3FEB8471C9631870048B688 /* CustomizableView.swift in Sources */ = {isa = PBXBuildFile; fileRef = B3FEB8461C9631870048B688 /* CustomizableView.swift */; };
		B3FEB8491C963E260048B688 /* CustomizableImageView.swift in Sources */ = {isa = PBXBuildFile; fileRef = B3FEB8481C963E260048B688 /* CustomizableImageView.swift */; };
		B3FFC6C71CE6894C00595E85 /* CustomNavigationController.swift in Sources */ = {isa = PBXBuildFile; fileRef = B3FFC6C61CE6894C00595E85 /* CustomNavigationController.swift */; };
		B3FFC6C91CE69D6700595E85 /* CustomSearchController.swift in Sources */ = {isa = PBXBuildFile; fileRef = B3FFC6C81CE69D6700595E85 /* CustomSearchController.swift */; };
/* End PBXBuildFile section */

/* Begin PBXFileReference section */
		78CB8BDD8D1FD1F9D323F17C /* Pods-Controlio.debug.xcconfig */ = {isa = PBXFileReference; includeInIndex = 1; lastKnownFileType = text.xcconfig; name = "Pods-Controlio.debug.xcconfig"; path = "Pods/Target Support Files/Pods-Controlio/Pods-Controlio.debug.xcconfig"; sourceTree = "<group>"; };
		7FE83454A2E4F5D30F57FC0B /* Pods_Controlio.framework */ = {isa = PBXFileReference; explicitFileType = wrapper.framework; includeInIndex = 0; path = Pods_Controlio.framework; sourceTree = BUILT_PRODUCTS_DIR; };
		9E0CE87DC6458B1EA1E9217C /* Pods-Controlio.release.xcconfig */ = {isa = PBXFileReference; includeInIndex = 1; lastKnownFileType = text.xcconfig; name = "Pods-Controlio.release.xcconfig"; path = "Pods/Target Support Files/Pods-Controlio/Pods-Controlio.release.xcconfig"; sourceTree = "<group>"; };
		B301EFDC1CE59A0A0013CD4D /* UIImagePickerDelegate+UINavgiationControllerDelegate.swift */ = {isa = PBXFileReference; fileEncoding = 4; lastKnownFileType = sourcecode.swift; path = "UIImagePickerDelegate+UINavgiationControllerDelegate.swift"; sourceTree = "<group>"; };
		B30A42151DA61FC6001FB870 /* MagicLinkViewController.swift */ = {isa = PBXFileReference; fileEncoding = 4; lastKnownFileType = sourcecode.swift; path = MagicLinkViewController.swift; sourceTree = "<group>"; };
		B30A42171DA6319C001FB870 /* UIApplication+TopVC.swift */ = {isa = PBXFileReference; fileEncoding = 4; lastKnownFileType = sourcecode.swift; path = "UIApplication+TopVC.swift"; sourceTree = "<group>"; };
		B32FE1C11DA301C6001A72B7 /* Controlio.entitlements */ = {isa = PBXFileReference; lastKnownFileType = text.plist.entitlements; path = Controlio.entitlements; sourceTree = "<group>"; };
		B33805C61E1F5BE70096B081 /* R.generated.swift */ = {isa = PBXFileReference; fileEncoding = 4; lastKnownFileType = sourcecode.swift; path = R.generated.swift; sourceTree = SOURCE_ROOT; };
		B37630501CE28737004FE1B7 /* AttachmentView.swift */ = {isa = PBXFileReference; fileEncoding = 4; lastKnownFileType = sourcecode.swift; path = AttachmentView.swift; sourceTree = "<group>"; };
		B37630521CE28741004FE1B7 /* AttachmentView.xib */ = {isa = PBXFileReference; fileEncoding = 4; lastKnownFileType = file.xib; path = AttachmentView.xib; sourceTree = "<group>"; };
		B37630541CE28CA4004FE1B7 /* AttachmentContainerView.swift */ = {isa = PBXFileReference; fileEncoding = 4; lastKnownFileType = sourcecode.swift; path = AttachmentContainerView.swift; sourceTree = "<group>"; };
		B37630571CE28E9B004FE1B7 /* AttachmentWrapperView.swift */ = {isa = PBXFileReference; fileEncoding = 4; lastKnownFileType = sourcecode.swift; path = AttachmentWrapperView.swift; sourceTree = "<group>"; };
		B37F10E11D962F2500CAA8D4 /* EditProfileViewController.swift */ = {isa = PBXFileReference; fileEncoding = 4; lastKnownFileType = sourcecode.swift; path = EditProfileViewController.swift; sourceTree = "<group>"; };
		B37F10E31D962F9A00CAA8D4 /* EditProfileCell.swift */ = {isa = PBXFileReference; fileEncoding = 4; lastKnownFileType = sourcecode.swift; path = EditProfileCell.swift; sourceTree = "<group>"; };
		B383235C1CDC3FB2004D0A1C /* SFUIDisplay-Black.otf */ = {isa = PBXFileReference; lastKnownFileType = file; path = "SFUIDisplay-Black.otf"; sourceTree = "<group>"; };
		B383235D1CDC3FB2004D0A1C /* SFUIDisplay-Bold.otf */ = {isa = PBXFileReference; lastKnownFileType = file; path = "SFUIDisplay-Bold.otf"; sourceTree = "<group>"; };
		B383235E1CDC3FB2004D0A1C /* SFUIDisplay-Heavy.otf */ = {isa = PBXFileReference; lastKnownFileType = file; path = "SFUIDisplay-Heavy.otf"; sourceTree = "<group>"; };
		B383235F1CDC3FB2004D0A1C /* SFUIDisplay-Light.otf */ = {isa = PBXFileReference; lastKnownFileType = file; path = "SFUIDisplay-Light.otf"; sourceTree = "<group>"; };
		B38323601CDC3FB2004D0A1C /* SFUIDisplay-Medium.otf */ = {isa = PBXFileReference; lastKnownFileType = file; path = "SFUIDisplay-Medium.otf"; sourceTree = "<group>"; };
		B38323611CDC3FB2004D0A1C /* SFUIDisplay-Regular.otf */ = {isa = PBXFileReference; lastKnownFileType = file; path = "SFUIDisplay-Regular.otf"; sourceTree = "<group>"; };
		B38323621CDC3FB2004D0A1C /* SFUIDisplay-Semibold.otf */ = {isa = PBXFileReference; lastKnownFileType = file; path = "SFUIDisplay-Semibold.otf"; sourceTree = "<group>"; };
		B38323631CDC3FB2004D0A1C /* SFUIDisplay-Thin.otf */ = {isa = PBXFileReference; lastKnownFileType = file; path = "SFUIDisplay-Thin.otf"; sourceTree = "<group>"; };
		B38323641CDC3FB2004D0A1C /* SFUIDisplay-Ultralight.otf */ = {isa = PBXFileReference; lastKnownFileType = file; path = "SFUIDisplay-Ultralight.otf"; sourceTree = "<group>"; };
		B383236E1CDC409D004D0A1C /* SFUIText-Bold.otf */ = {isa = PBXFileReference; lastKnownFileType = file; path = "SFUIText-Bold.otf"; sourceTree = "<group>"; };
		B383236F1CDC409D004D0A1C /* SFUIText-BoldG1.otf */ = {isa = PBXFileReference; lastKnownFileType = file; path = "SFUIText-BoldG1.otf"; sourceTree = "<group>"; };
		B38323701CDC409D004D0A1C /* SFUIText-BoldG2.otf */ = {isa = PBXFileReference; lastKnownFileType = file; path = "SFUIText-BoldG2.otf"; sourceTree = "<group>"; };
		B38323711CDC409D004D0A1C /* SFUIText-BoldG3.otf */ = {isa = PBXFileReference; lastKnownFileType = file; path = "SFUIText-BoldG3.otf"; sourceTree = "<group>"; };
		B38323721CDC409D004D0A1C /* SFUIText-BoldItalicG1.otf */ = {isa = PBXFileReference; lastKnownFileType = file; path = "SFUIText-BoldItalicG1.otf"; sourceTree = "<group>"; };
		B38323731CDC409D004D0A1C /* SFUIText-BoldItalicG2.otf */ = {isa = PBXFileReference; lastKnownFileType = file; path = "SFUIText-BoldItalicG2.otf"; sourceTree = "<group>"; };
		B38323741CDC409D004D0A1C /* SFUIText-BoldItalicG3.otf */ = {isa = PBXFileReference; lastKnownFileType = file; path = "SFUIText-BoldItalicG3.otf"; sourceTree = "<group>"; };
		B38323751CDC409D004D0A1C /* SFUIText-Heavy.otf */ = {isa = PBXFileReference; lastKnownFileType = file; path = "SFUIText-Heavy.otf"; sourceTree = "<group>"; };
		B38323761CDC409D004D0A1C /* SFUIText-HeavyItalic.otf */ = {isa = PBXFileReference; lastKnownFileType = file; path = "SFUIText-HeavyItalic.otf"; sourceTree = "<group>"; };
		B38323771CDC409D004D0A1C /* SFUIText-Italic.otf */ = {isa = PBXFileReference; lastKnownFileType = file; path = "SFUIText-Italic.otf"; sourceTree = "<group>"; };
		B38323781CDC409D004D0A1C /* SFUIText-ItalicG1.otf */ = {isa = PBXFileReference; lastKnownFileType = file; path = "SFUIText-ItalicG1.otf"; sourceTree = "<group>"; };
		B38323791CDC409D004D0A1C /* SFUIText-ItalicG2.otf */ = {isa = PBXFileReference; lastKnownFileType = file; path = "SFUIText-ItalicG2.otf"; sourceTree = "<group>"; };
		B383237A1CDC409D004D0A1C /* SFUIText-ItalicG3.otf */ = {isa = PBXFileReference; lastKnownFileType = file; path = "SFUIText-ItalicG3.otf"; sourceTree = "<group>"; };
		B383237B1CDC409D004D0A1C /* SFUIText-Light.otf */ = {isa = PBXFileReference; lastKnownFileType = file; path = "SFUIText-Light.otf"; sourceTree = "<group>"; };
		B383237C1CDC409D004D0A1C /* SFUIText-LightItalic.otf */ = {isa = PBXFileReference; lastKnownFileType = file; path = "SFUIText-LightItalic.otf"; sourceTree = "<group>"; };
		B383237D1CDC409D004D0A1C /* SFUIText-Medium.otf */ = {isa = PBXFileReference; lastKnownFileType = file; path = "SFUIText-Medium.otf"; sourceTree = "<group>"; };
		B383237E1CDC409D004D0A1C /* SFUIText-MediumItalic.otf */ = {isa = PBXFileReference; lastKnownFileType = file; path = "SFUIText-MediumItalic.otf"; sourceTree = "<group>"; };
		B383237F1CDC409D004D0A1C /* SFUIText-Regular.otf */ = {isa = PBXFileReference; lastKnownFileType = file; path = "SFUIText-Regular.otf"; sourceTree = "<group>"; };
		B38323801CDC409D004D0A1C /* SFUIText-RegularG1.otf */ = {isa = PBXFileReference; lastKnownFileType = file; path = "SFUIText-RegularG1.otf"; sourceTree = "<group>"; };
		B38323811CDC409D004D0A1C /* SFUIText-RegularG2.otf */ = {isa = PBXFileReference; lastKnownFileType = file; path = "SFUIText-RegularG2.otf"; sourceTree = "<group>"; };
		B38323821CDC409D004D0A1C /* SFUIText-RegularG3.otf */ = {isa = PBXFileReference; lastKnownFileType = file; path = "SFUIText-RegularG3.otf"; sourceTree = "<group>"; };
		B38323831CDC409D004D0A1C /* SFUIText-Semibold.otf */ = {isa = PBXFileReference; lastKnownFileType = file; path = "SFUIText-Semibold.otf"; sourceTree = "<group>"; };
		B38323841CDC409D004D0A1C /* SFUIText-SemiboldItalic.otf */ = {isa = PBXFileReference; lastKnownFileType = file; path = "SFUIText-SemiboldItalic.otf"; sourceTree = "<group>"; };
		B383239C1CDC4336004D0A1C /* CatchPhraseView.swift */ = {isa = PBXFileReference; fileEncoding = 4; lastKnownFileType = sourcecode.swift; path = CatchPhraseView.swift; sourceTree = "<group>"; };
		B390C7A21CDE96B800D5F021 /* DeepLink.swift */ = {isa = PBXFileReference; fileEncoding = 4; lastKnownFileType = sourcecode.swift; path = DeepLink.swift; sourceTree = "<group>"; };
		B390C7A41CDE9B5400D5F021 /* IndexPath+Additions.swift */ = {isa = PBXFileReference; fileEncoding = 4; lastKnownFileType = sourcecode.swift; path = "IndexPath+Additions.swift"; sourceTree = "<group>"; };
		B3A178D61DB2D12500C0E311 /* PlansController.swift */ = {isa = PBXFileReference; fileEncoding = 4; lastKnownFileType = sourcecode.swift; path = PlansController.swift; sourceTree = "<group>"; };
		B3A89D531DB8069D00211EFF /* Payments.swift */ = {isa = PBXFileReference; fileEncoding = 4; lastKnownFileType = sourcecode.swift; path = Payments.swift; sourceTree = "<group>"; };
		B3AA2F8E1C910ACC00FE7E54 /* RoundedBorderedTextField.swift */ = {isa = PBXFileReference; fileEncoding = 4; lastKnownFileType = sourcecode.swift; path = RoundedBorderedTextField.swift; sourceTree = "<group>"; };
		B3AA2F901C9110EF00FE7E54 /* LoginViewController.swift */ = {isa = PBXFileReference; fileEncoding = 4; lastKnownFileType = sourcecode.swift; path = LoginViewController.swift; sourceTree = "<group>"; };
		B3B2B9291C90CD1600468342 /* Controlio.app */ = {isa = PBXFileReference; explicitFileType = wrapper.application; includeInIndex = 0; path = Controlio.app; sourceTree = BUILT_PRODUCTS_DIR; };
		B3B2B92C1C90CD1600468342 /* AppDelegate.swift */ = {isa = PBXFileReference; lastKnownFileType = sourcecode.swift; path = AppDelegate.swift; sourceTree = "<group>"; };
		B3B2B9311C90CD1600468342 /* Base */ = {isa = PBXFileReference; lastKnownFileType = file.storyboard; name = Base; path = Base.lproj/Login.storyboard; sourceTree = "<group>"; };
		B3B2B9331C90CD1600468342 /* Assets.xcassets */ = {isa = PBXFileReference; lastKnownFileType = folder.assetcatalog; path = Assets.xcassets; sourceTree = "<group>"; };
		B3B2B9361C90CD1600468342 /* Base */ = {isa = PBXFileReference; lastKnownFileType = file.storyboard; name = Base; path = Base.lproj/LaunchScreen.storyboard; sourceTree = "<group>"; };
		B3B2B9381C90CD1600468342 /* Info.plist */ = {isa = PBXFileReference; lastKnownFileType = text.plist.xml; path = Info.plist; sourceTree = "<group>"; };
		B3BA9C301CE18ED300647470 /* InputView.swift */ = {isa = PBXFileReference; fileEncoding = 4; lastKnownFileType = sourcecode.swift; path = InputView.swift; sourceTree = "<group>"; };
		B3C03D0D1C90D70A0096E04C /* GradientView.swift */ = {isa = PBXFileReference; fileEncoding = 4; lastKnownFileType = sourcecode.swift; path = GradientView.swift; sourceTree = "<group>"; };
		B3C03D0F1C90DAA60096E04C /* UIColor+Controlio.swift */ = {isa = PBXFileReference; fileEncoding = 4; lastKnownFileType = sourcecode.swift; path = "UIColor+Controlio.swift"; sourceTree = "<group>"; };
		B3C03D111C90E6E70096E04C /* RoundedShadowedButton.swift */ = {isa = PBXFileReference; fileEncoding = 4; lastKnownFileType = sourcecode.swift; path = RoundedShadowedButton.swift; sourceTree = "<group>"; };
		B3C03D161C90FEB70096E04C /* DemoAccountLanguage.swift */ = {isa = PBXFileReference; fileEncoding = 4; lastKnownFileType = sourcecode.swift; path = DemoAccountLanguage.swift; sourceTree = "<group>"; };
		B3C03D191C90FF890096E04C /* UIAlertController+Additions.swift */ = {isa = PBXFileReference; fileEncoding = 4; lastKnownFileType = sourcecode.swift; path = "UIAlertController+Additions.swift"; sourceTree = "<group>"; };
		B3C305A01CDFD79500C8E85F /* SettingsController.swift */ = {isa = PBXFileReference; fileEncoding = 4; lastKnownFileType = sourcecode.swift; path = SettingsController.swift; sourceTree = "<group>"; };
		B3C305A21CDFE06200C8E85F /* ProjectController.swift */ = {isa = PBXFileReference; fileEncoding = 4; lastKnownFileType = sourcecode.swift; path = ProjectController.swift; sourceTree = "<group>"; };
		B3C305A51CDFE60B00C8E85F /* Project.swift */ = {isa = PBXFileReference; fileEncoding = 4; lastKnownFileType = sourcecode.swift; path = Project.swift; sourceTree = "<group>"; };
		B3C305A71CDFEAB900C8E85F /* User.swift */ = {isa = PBXFileReference; fileEncoding = 4; lastKnownFileType = sourcecode.swift; path = User.swift; sourceTree = "<group>"; };
		B3C305A91CDFEB0200C8E85F /* Post.swift */ = {isa = PBXFileReference; fileEncoding = 4; lastKnownFileType = sourcecode.swift; path = Post.swift; sourceTree = "<group>"; };
		B3C305AD1CDFF43400C8E85F /* NSDateFormatter+Extensions.swift */ = {isa = PBXFileReference; fileEncoding = 4; lastKnownFileType = sourcecode.swift; path = "NSDateFormatter+Extensions.swift"; sourceTree = "<group>"; };
		B3C305AF1CDFFB5900C8E85F /* PostCell.swift */ = {isa = PBXFileReference; fileEncoding = 4; lastKnownFileType = sourcecode.swift; path = PostCell.swift; sourceTree = "<group>"; };
		B3C305B31CE0031E00C8E85F /* String+Height.swift */ = {isa = PBXFileReference; fileEncoding = 4; lastKnownFileType = sourcecode.swift; path = "String+Height.swift"; sourceTree = "<group>"; };
		B3C35B091DB9D29900F941F8 /* ru */ = {isa = PBXFileReference; lastKnownFileType = text.plist.strings; name = ru; path = ru.lproj/Main.strings; sourceTree = "<group>"; };
		B3C35B0B1DB9D4F700F941F8 /* Base */ = {isa = PBXFileReference; lastKnownFileType = file.xib; name = Base; path = Base.lproj/InputView.xib; sourceTree = "<group>"; };
		B3C35B0E1DB9D4FA00F941F8 /* ru */ = {isa = PBXFileReference; lastKnownFileType = text.plist.strings; name = ru; path = ru.lproj/InputView.strings; sourceTree = "<group>"; };
		B3C35B111DB9E50C00F941F8 /* FeatureList.swift */ = {isa = PBXFileReference; fileEncoding = 4; lastKnownFileType = sourcecode.swift; path = FeatureList.swift; sourceTree = "<group>"; };
		B3D1692B1CDDA5950080D748 /* PopupNotification.swift */ = {isa = PBXFileReference; fileEncoding = 4; lastKnownFileType = sourcecode.swift; path = PopupNotification.swift; sourceTree = "<group>"; };
		B3D1692D1CDDC15F0080D748 /* SupportController.swift */ = {isa = PBXFileReference; fileEncoding = 4; lastKnownFileType = sourcecode.swift; path = SupportController.swift; sourceTree = "<group>"; };
		B3D8C6F31CFBFBF4001EE432 /* Server.swift */ = {isa = PBXFileReference; fileEncoding = 4; lastKnownFileType = sourcecode.swift; path = Server.swift; sourceTree = "<group>"; };
		B3D8C6F51CFBFC6B001EE432 /* Config.swift */ = {isa = PBXFileReference; fileEncoding = 4; lastKnownFileType = sourcecode.swift; path = Config.swift; sourceTree = "<group>"; };
		B3D8C6F71CFBFD7E001EE432 /* NSUserDefaults+extensions.swift */ = {isa = PBXFileReference; fileEncoding = 4; lastKnownFileType = sourcecode.swift; path = "NSUserDefaults+extensions.swift"; sourceTree = "<group>"; };
		B3D8C6F91CFC0A78001EE432 /* S3.swift */ = {isa = PBXFileReference; fileEncoding = 4; lastKnownFileType = sourcecode.swift; path = S3.swift; sourceTree = "<group>"; };
		B3E57BEF1D9602DB00F699F1 /* AddManagerCell.swift */ = {isa = PBXFileReference; fileEncoding = 4; lastKnownFileType = sourcecode.swift; path = AddManagerCell.swift; sourceTree = "<group>"; };
		B3E57BF01D9602DB00F699F1 /* AddManagerCell.xib */ = {isa = PBXFileReference; fileEncoding = 4; lastKnownFileType = file.xib; path = AddManagerCell.xib; sourceTree = "<group>"; };
		B3E57BF31D9604B100F699F1 /* AddManagerViewController.swift */ = {isa = PBXFileReference; fileEncoding = 4; lastKnownFileType = sourcecode.swift; path = AddManagerViewController.swift; sourceTree = "<group>"; };
		B3E634D21C91344400C0572A /* Router.swift */ = {isa = PBXFileReference; fileEncoding = 4; lastKnownFileType = sourcecode.swift; path = Router.swift; sourceTree = "<group>"; };
		B3E634D41C91444700C0572A /* RecoveryViewController.swift */ = {isa = PBXFileReference; fileEncoding = 4; lastKnownFileType = sourcecode.swift; path = RecoveryViewController.swift; sourceTree = "<group>"; };
		B3E634DC1C914D6200C0572A /* MainController.swift */ = {isa = PBXFileReference; fileEncoding = 4; lastKnownFileType = sourcecode.swift; path = MainController.swift; sourceTree = "<group>"; };
		B3E634DE1C91514D00C0572A /* ProjectsController.swift */ = {isa = PBXFileReference; fileEncoding = 4; lastKnownFileType = sourcecode.swift; path = ProjectsController.swift; sourceTree = "<group>"; };
		B3E634E01C915B9300C0572A /* UISearchBar+CursorTint.swift */ = {isa = PBXFileReference; fileEncoding = 4; lastKnownFileType = sourcecode.swift; path = "UISearchBar+CursorTint.swift"; sourceTree = "<group>"; };
		B3E7B1271D9B3D40004FBF86 /* Platform.swift */ = {isa = PBXFileReference; fileEncoding = 4; lastKnownFileType = sourcecode.swift; path = Platform.swift; sourceTree = "<group>"; };
		B3E7B1291D9B969C004FBF86 /* String+EmailValidation.swift */ = {isa = PBXFileReference; fileEncoding = 4; lastKnownFileType = sourcecode.swift; path = "String+EmailValidation.swift"; sourceTree = "<group>"; };
		B3E7B12B1D9F0DBC004FBF86 /* Date+ISO.swift */ = {isa = PBXFileReference; fileEncoding = 4; lastKnownFileType = sourcecode.swift; path = "Date+ISO.swift"; sourceTree = "<group>"; };
		B3E7B12D1DA08857004FBF86 /* ImageGallery.swift */ = {isa = PBXFileReference; fileEncoding = 4; lastKnownFileType = sourcecode.swift; path = ImageGallery.swift; sourceTree = "<group>"; };
		B3E815771CE1566900E8F87B /* NewProjectCell.swift */ = {isa = PBXFileReference; fileEncoding = 4; lastKnownFileType = sourcecode.swift; path = NewProjectCell.swift; sourceTree = "<group>"; };
		B3E8157B1CE1603400E8F87B /* NewProjectController.swift */ = {isa = PBXFileReference; fileEncoding = 4; lastKnownFileType = sourcecode.swift; path = NewProjectController.swift; sourceTree = "<group>"; };
		B3EA11481D93A7350026658B /* ManagerTableViewController.swift */ = {isa = PBXFileReference; fileEncoding = 4; lastKnownFileType = sourcecode.swift; path = ManagerTableViewController.swift; sourceTree = "<group>"; };
		B3EA114A1D93A9740026658B /* UserCell.swift */ = {isa = PBXFileReference; fileEncoding = 4; lastKnownFileType = sourcecode.swift; path = UserCell.swift; sourceTree = "<group>"; };
		B3EA114B1D93A9740026658B /* UserCell.xib */ = {isa = PBXFileReference; fileEncoding = 4; lastKnownFileType = file.xib; path = UserCell.xib; sourceTree = "<group>"; };
		B3F303841DAF08E400535FCD /* ru */ = {isa = PBXFileReference; lastKnownFileType = text.plist.strings; name = ru; path = ru.lproj/LaunchScreen.strings; sourceTree = "<group>"; };
		B3F303851DAF08E400535FCD /* ru */ = {isa = PBXFileReference; lastKnownFileType = text.plist.strings; name = ru; path = ru.lproj/Login.strings; sourceTree = "<group>"; };
		B3F303891DAF491200535FCD /* Base */ = {isa = PBXFileReference; lastKnownFileType = file.storyboard; name = Base; path = Base.lproj/Main.storyboard; sourceTree = "<group>"; };
		B3F3038E1DAF4AE900535FCD /* Base */ = {isa = PBXFileReference; lastKnownFileType = file.xib; name = Base; path = Base.lproj/ProjectCell.xib; sourceTree = "<group>"; };
		B3F303911DAF4AEC00535FCD /* ru */ = {isa = PBXFileReference; lastKnownFileType = text.plist.strings; name = ru; path = ru.lproj/ProjectCell.strings; sourceTree = "<group>"; };
		B3F303931DAF4B0500535FCD /* Base */ = {isa = PBXFileReference; lastKnownFileType = file.xib; name = Base; path = Base.lproj/PostCell.xib; sourceTree = "<group>"; };
		B3F303961DAF4B0700535FCD /* ru */ = {isa = PBXFileReference; lastKnownFileType = text.plist.strings; name = ru; path = ru.lproj/PostCell.strings; sourceTree = "<group>"; };
		B3F303981DAF4B1800535FCD /* Base */ = {isa = PBXFileReference; lastKnownFileType = file.xib; name = Base; path = Base.lproj/NewProjectCell.xib; sourceTree = "<group>"; };
		B3F3039B1DAF4B3600535FCD /* ru */ = {isa = PBXFileReference; lastKnownFileType = text.plist.strings; name = ru; path = ru.lproj/NewProjectCell.strings; sourceTree = "<group>"; };
		B3F3039D1DAF4B6700535FCD /* Base */ = {isa = PBXFileReference; lastKnownFileType = file.xib; name = Base; path = Base.lproj/EditProfileCell.xib; sourceTree = "<group>"; };
		B3F303A01DAF4B6A00535FCD /* ru */ = {isa = PBXFileReference; lastKnownFileType = text.plist.strings; name = ru; path = ru.lproj/EditProfileCell.strings; sourceTree = "<group>"; };
		B3F303A41DAF53B600535FCD /* Base */ = {isa = PBXFileReference; lastKnownFileType = text.plist.strings; name = Base; path = Base.lproj/Localizable.strings; sourceTree = "<group>"; };
		B3F303A61DAF53B800535FCD /* ru */ = {isa = PBXFileReference; lastKnownFileType = text.plist.strings; name = ru; path = ru.lproj/Localizable.strings; sourceTree = "<group>"; };
		B3FEB83D1C9630290048B688 /* ProjectCell.swift */ = {isa = PBXFileReference; fileEncoding = 4; lastKnownFileType = sourcecode.swift; path = ProjectCell.swift; sourceTree = "<group>"; };
		B3FEB8431C9630BA0048B688 /* UIImageView+BeautifulWebImage.swift */ = {isa = PBXFileReference; fileEncoding = 4; lastKnownFileType = sourcecode.swift; path = "UIImageView+BeautifulWebImage.swift"; sourceTree = "<group>"; };
		B3FEB8461C9631870048B688 /* CustomizableView.swift */ = {isa = PBXFileReference; fileEncoding = 4; lastKnownFileType = sourcecode.swift; path = CustomizableView.swift; sourceTree = "<group>"; };
		B3FEB8481C963E260048B688 /* CustomizableImageView.swift */ = {isa = PBXFileReference; fileEncoding = 4; lastKnownFileType = sourcecode.swift; path = CustomizableImageView.swift; sourceTree = "<group>"; };
		B3FFC6C61CE6894C00595E85 /* CustomNavigationController.swift */ = {isa = PBXFileReference; fileEncoding = 4; lastKnownFileType = sourcecode.swift; path = CustomNavigationController.swift; sourceTree = "<group>"; };
		B3FFC6C81CE69D6700595E85 /* CustomSearchController.swift */ = {isa = PBXFileReference; fileEncoding = 4; lastKnownFileType = sourcecode.swift; path = CustomSearchController.swift; sourceTree = "<group>"; };
/* End PBXFileReference section */

/* Begin PBXFrameworksBuildPhase section */
		B3B2B9261C90CD1600468342 /* Frameworks */ = {
			isa = PBXFrameworksBuildPhase;
			buildActionMask = 2147483647;
			files = (
				98CE909FBC3BD5F65F168787 /* Pods_Controlio.framework in Frameworks */,
			);
			runOnlyForDeploymentPostprocessing = 0;
		};
/* End PBXFrameworksBuildPhase section */

/* Begin PBXGroup section */
		086CB35C8F11E971FA2A113B /* Frameworks */ = {
			isa = PBXGroup;
			children = (
				7FE83454A2E4F5D30F57FC0B /* Pods_Controlio.framework */,
			);
			name = Frameworks;
			sourceTree = "<group>";
		};
		A7F07F6C5B05BB06672506AD /* Pods */ = {
			isa = PBXGroup;
			children = (
				78CB8BDD8D1FD1F9D323F17C /* Pods-Controlio.debug.xcconfig */,
				9E0CE87DC6458B1EA1E9217C /* Pods-Controlio.release.xcconfig */,
			);
			name = Pods;
			sourceTree = "<group>";
		};
		B37630561CE28CA9004FE1B7 /* InputView */ = {
			isa = PBXGroup;
			children = (
				B3C03D0D1C90D70A0096E04C /* GradientView.swift */,
				B3BA9C301CE18ED300647470 /* InputView.swift */,
				B3C35B0C1DB9D4F700F941F8 /* InputView.xib */,
				B37630541CE28CA4004FE1B7 /* AttachmentContainerView.swift */,
				B37630571CE28E9B004FE1B7 /* AttachmentWrapperView.swift */,
				B37630501CE28737004FE1B7 /* AttachmentView.swift */,
				B37630521CE28741004FE1B7 /* AttachmentView.xib */,
			);
			name = InputView;
			sourceTree = "<group>";
		};
		B383235B1CDC3F7A004D0A1C /* Fonts */ = {
			isa = PBXGroup;
			children = (
				B383236E1CDC409D004D0A1C /* SFUIText-Bold.otf */,
				B383236F1CDC409D004D0A1C /* SFUIText-BoldG1.otf */,
				B38323701CDC409D004D0A1C /* SFUIText-BoldG2.otf */,
				B38323711CDC409D004D0A1C /* SFUIText-BoldG3.otf */,
				B38323721CDC409D004D0A1C /* SFUIText-BoldItalicG1.otf */,
				B38323731CDC409D004D0A1C /* SFUIText-BoldItalicG2.otf */,
				B38323741CDC409D004D0A1C /* SFUIText-BoldItalicG3.otf */,
				B38323751CDC409D004D0A1C /* SFUIText-Heavy.otf */,
				B38323761CDC409D004D0A1C /* SFUIText-HeavyItalic.otf */,
				B38323771CDC409D004D0A1C /* SFUIText-Italic.otf */,
				B38323781CDC409D004D0A1C /* SFUIText-ItalicG1.otf */,
				B38323791CDC409D004D0A1C /* SFUIText-ItalicG2.otf */,
				B383237A1CDC409D004D0A1C /* SFUIText-ItalicG3.otf */,
				B383237B1CDC409D004D0A1C /* SFUIText-Light.otf */,
				B383237C1CDC409D004D0A1C /* SFUIText-LightItalic.otf */,
				B383237D1CDC409D004D0A1C /* SFUIText-Medium.otf */,
				B383237E1CDC409D004D0A1C /* SFUIText-MediumItalic.otf */,
				B383237F1CDC409D004D0A1C /* SFUIText-Regular.otf */,
				B38323801CDC409D004D0A1C /* SFUIText-RegularG1.otf */,
				B38323811CDC409D004D0A1C /* SFUIText-RegularG2.otf */,
				B38323821CDC409D004D0A1C /* SFUIText-RegularG3.otf */,
				B38323831CDC409D004D0A1C /* SFUIText-Semibold.otf */,
				B38323841CDC409D004D0A1C /* SFUIText-SemiboldItalic.otf */,
				B383235C1CDC3FB2004D0A1C /* SFUIDisplay-Black.otf */,
				B383235D1CDC3FB2004D0A1C /* SFUIDisplay-Bold.otf */,
				B383235E1CDC3FB2004D0A1C /* SFUIDisplay-Heavy.otf */,
				B383235F1CDC3FB2004D0A1C /* SFUIDisplay-Light.otf */,
				B38323601CDC3FB2004D0A1C /* SFUIDisplay-Medium.otf */,
				B38323611CDC3FB2004D0A1C /* SFUIDisplay-Regular.otf */,
				B38323621CDC3FB2004D0A1C /* SFUIDisplay-Semibold.otf */,
				B38323631CDC3FB2004D0A1C /* SFUIDisplay-Thin.otf */,
				B38323641CDC3FB2004D0A1C /* SFUIDisplay-Ultralight.otf */,
			);
			name = Fonts;
			sourceTree = "<group>";
		};
		B3B2B9201C90CD1600468342 = {
			isa = PBXGroup;
			children = (
				B3B2B92B1C90CD1600468342 /* Controlio */,
				B3B2B92A1C90CD1600468342 /* Products */,
				A7F07F6C5B05BB06672506AD /* Pods */,
				086CB35C8F11E971FA2A113B /* Frameworks */,
			);
			sourceTree = "<group>";
		};
		B3B2B92A1C90CD1600468342 /* Products */ = {
			isa = PBXGroup;
			children = (
				B3B2B9291C90CD1600468342 /* Controlio.app */,
			);
			name = Products;
			sourceTree = "<group>";
		};
		B3B2B92B1C90CD1600468342 /* Controlio */ = {
			isa = PBXGroup;
			children = (
				B32FE1C11DA301C6001A72B7 /* Controlio.entitlements */,
				B3C03D0C1C90CFD20096E04C /* UI */,
				B3C03D0B1C90CFCC0096E04C /* Controller */,
				B3C03D091C90CFC20096E04C /* Model */,
				B3C03D081C90CFBC0096E04C /* View */,
				B3C03D071C90CFB80096E04C /* Assets */,
			);
			path = Controlio;
			sourceTree = "<group>";
		};
		B3C03D071C90CFB80096E04C /* Assets */ = {
			isa = PBXGroup;
			children = (
				B383235B1CDC3F7A004D0A1C /* Fonts */,
				B3B2B9331C90CD1600468342 /* Assets.xcassets */,
				B3B2B9381C90CD1600468342 /* Info.plist */,
				B3F303A51DAF53B600535FCD /* Localizable.strings */,
				B33805C61E1F5BE70096B081 /* R.generated.swift */,
			);
			name = Assets;
			sourceTree = "<group>";
		};
		B3C03D081C90CFBC0096E04C /* View */ = {
			isa = PBXGroup;
			children = (
				B3FEB8451C9630D20048B688 /* Extensions */,
				B3FEB83A1C962F920048B688 /* Cells */,
				B37630561CE28CA9004FE1B7 /* InputView */,
				B3E634E01C915B9300C0572A /* UISearchBar+CursorTint.swift */,
				B3C03D111C90E6E70096E04C /* RoundedShadowedButton.swift */,
				B3AA2F8E1C910ACC00FE7E54 /* RoundedBorderedTextField.swift */,
				B3FEB8461C9631870048B688 /* CustomizableView.swift */,
				B3FEB8481C963E260048B688 /* CustomizableImageView.swift */,
				B383239C1CDC4336004D0A1C /* CatchPhraseView.swift */,
				B3D1692B1CDDA5950080D748 /* PopupNotification.swift */,
				B3E7B12D1DA08857004FBF86 /* ImageGallery.swift */,
			);
			name = View;
			sourceTree = "<group>";
		};
		B3C03D091C90CFC20096E04C /* Model */ = {
			isa = PBXGroup;
			children = (
				B3C305A41CDFE5DF00C8E85F /* Objects */,
				B3C03D181C90FF7C0096E04C /* Extensions */,
				B3C03D151C90FEA50096E04C /* Enums */,
				B3D8C6F51CFBFC6B001EE432 /* Config.swift */,
				B3B2B92C1C90CD1600468342 /* AppDelegate.swift */,
				B3E634D21C91344400C0572A /* Router.swift */,
				B390C7A21CDE96B800D5F021 /* DeepLink.swift */,
				B3D8C6F31CFBFBF4001EE432 /* Server.swift */,
				B3D8C6F91CFC0A78001EE432 /* S3.swift */,
				B3E7B1271D9B3D40004FBF86 /* Platform.swift */,
				B3A89D531DB8069D00211EFF /* Payments.swift */,
				B3C35B111DB9E50C00F941F8 /* FeatureList.swift */,
			);
			name = Model;
			sourceTree = "<group>";
		};
		B3C03D0B1C90CFCC0096E04C /* Controller */ = {
			isa = PBXGroup;
			children = (
				B3E634D81C914D2C00C0572A /* Login */,
				B3E634D91C914D3E00C0572A /* Main */,
			);
			name = Controller;
			sourceTree = "<group>";
		};
		B3C03D0C1C90CFD20096E04C /* UI */ = {
			isa = PBXGroup;
			children = (
				B3B2B9351C90CD1600468342 /* LaunchScreen.storyboard */,
				B3B2B9301C90CD1600468342 /* Login.storyboard */,
				B3F3038A1DAF491200535FCD /* Main.storyboard */,
			);
			name = UI;
			sourceTree = "<group>";
		};
		B3C03D151C90FEA50096E04C /* Enums */ = {
			isa = PBXGroup;
			children = (
				B3C03D161C90FEB70096E04C /* DemoAccountLanguage.swift */,
			);
			name = Enums;
			sourceTree = "<group>";
		};
		B3C03D181C90FF7C0096E04C /* Extensions */ = {
			isa = PBXGroup;
			children = (
				B3C03D0F1C90DAA60096E04C /* UIColor+Controlio.swift */,
				B390C7A41CDE9B5400D5F021 /* IndexPath+Additions.swift */,
				B3C305AD1CDFF43400C8E85F /* NSDateFormatter+Extensions.swift */,
				B3C305B31CE0031E00C8E85F /* String+Height.swift */,
				B301EFDC1CE59A0A0013CD4D /* UIImagePickerDelegate+UINavgiationControllerDelegate.swift */,
				B3D8C6F71CFBFD7E001EE432 /* NSUserDefaults+extensions.swift */,
				B3E7B1291D9B969C004FBF86 /* String+EmailValidation.swift */,
				B3E7B12B1D9F0DBC004FBF86 /* Date+ISO.swift */,
				B30A42171DA6319C001FB870 /* UIApplication+TopVC.swift */,
			);
			name = Extensions;
			sourceTree = "<group>";
		};
		B3C305A41CDFE5DF00C8E85F /* Objects */ = {
			isa = PBXGroup;
			children = (
				B3C305A51CDFE60B00C8E85F /* Project.swift */,
				B3C305A71CDFEAB900C8E85F /* User.swift */,
				B3C305A91CDFEB0200C8E85F /* Post.swift */,
			);
			name = Objects;
			sourceTree = "<group>";
		};
		B3E634D81C914D2C00C0572A /* Login */ = {
			isa = PBXGroup;
			children = (
				B30A42151DA61FC6001FB870 /* MagicLinkViewController.swift */,
				B3AA2F901C9110EF00FE7E54 /* LoginViewController.swift */,
				B3E634D41C91444700C0572A /* RecoveryViewController.swift */,
			);
			name = Login;
			sourceTree = "<group>";
		};
		B3E634D91C914D3E00C0572A /* Main */ = {
			isa = PBXGroup;
			children = (
				B3E634DC1C914D6200C0572A /* MainController.swift */,
				B3E634DE1C91514D00C0572A /* ProjectsController.swift */,
				B3D1692D1CDDC15F0080D748 /* SupportController.swift */,
				B3C305A01CDFD79500C8E85F /* SettingsController.swift */,
				B3C305A21CDFE06200C8E85F /* ProjectController.swift */,
				B3E8157B1CE1603400E8F87B /* NewProjectController.swift */,
				B3EA11481D93A7350026658B /* ManagerTableViewController.swift */,
				B3E57BF31D9604B100F699F1 /* AddManagerViewController.swift */,
				B37F10E11D962F2500CAA8D4 /* EditProfileViewController.swift */,
				B3FFC6C61CE6894C00595E85 /* CustomNavigationController.swift */,
				B3FFC6C81CE69D6700595E85 /* CustomSearchController.swift */,
				B3A178D61DB2D12500C0E311 /* PlansController.swift */,
			);
			name = Main;
			sourceTree = "<group>";
		};
		B3FEB83A1C962F920048B688 /* Cells */ = {
			isa = PBXGroup;
			children = (
				B3FEB83D1C9630290048B688 /* ProjectCell.swift */,
				B3F3038F1DAF4AE900535FCD /* ProjectCell.xib */,
				B3C305AF1CDFFB5900C8E85F /* PostCell.swift */,
				B3F303941DAF4B0500535FCD /* PostCell.xib */,
				B3E815771CE1566900E8F87B /* NewProjectCell.swift */,
				B3F303991DAF4B1800535FCD /* NewProjectCell.xib */,
				B3EA114A1D93A9740026658B /* UserCell.swift */,
				B3EA114B1D93A9740026658B /* UserCell.xib */,
				B3E57BEF1D9602DB00F699F1 /* AddManagerCell.swift */,
				B3E57BF01D9602DB00F699F1 /* AddManagerCell.xib */,
				B37F10E31D962F9A00CAA8D4 /* EditProfileCell.swift */,
				B3F3039E1DAF4B6700535FCD /* EditProfileCell.xib */,
			);
			name = Cells;
			sourceTree = "<group>";
		};
		B3FEB8451C9630D20048B688 /* Extensions */ = {
			isa = PBXGroup;
			children = (
				B3FEB8431C9630BA0048B688 /* UIImageView+BeautifulWebImage.swift */,
				B3C03D191C90FF890096E04C /* UIAlertController+Additions.swift */,
			);
			name = Extensions;
			sourceTree = "<group>";
		};
/* End PBXGroup section */

/* Begin PBXNativeTarget section */
		B3B2B9281C90CD1600468342 /* Controlio */ = {
			isa = PBXNativeTarget;
			buildConfigurationList = B3B2B93B1C90CD1600468342 /* Build configuration list for PBXNativeTarget "Controlio" */;
			buildPhases = (
				E9B4A12B8FD7D9E157367305 /* [CP] Check Pods Manifest.lock */,
				B33805C41E1F5B5A0096B081 /* ShellScript */,
				B3B2B9251C90CD1600468342 /* Sources */,
				B3B2B9261C90CD1600468342 /* Frameworks */,
				B3B2B9271C90CD1600468342 /* Resources */,
				1FD32C2C727F71C23EF7FFDD /* [CP] Embed Pods Frameworks */,
				F4567DA6C63491D93E991ADF /* [CP] Copy Pods Resources */,
			);
			buildRules = (
			);
			dependencies = (
			);
			name = Controlio;
			productName = Controlio;
			productReference = B3B2B9291C90CD1600468342 /* Controlio.app */;
			productType = "com.apple.product-type.application";
		};
/* End PBXNativeTarget section */

/* Begin PBXProject section */
		B3B2B9211C90CD1600468342 /* Project object */ = {
			isa = PBXProject;
			attributes = {
				LastSwiftUpdateCheck = 0720;
				LastUpgradeCheck = 0820;
				ORGANIZATIONNAME = "Nikita Kolmogorov";
				TargetAttributes = {
					B3B2B9281C90CD1600468342 = {
						CreatedOnToolsVersion = 7.2.1;
						DevelopmentTeam = 9VUB6L23QH;
						LastSwiftMigration = 0800;
						ProvisioningStyle = Automatic;
						SystemCapabilities = {
							com.apple.Push = {
								enabled = 1;
							};
							com.apple.SafariKeychain = {
								enabled = 1;
							};
						};
					};
				};
			};
			buildConfigurationList = B3B2B9241C90CD1600468342 /* Build configuration list for PBXProject "Controlio" */;
			compatibilityVersion = "Xcode 3.2";
			developmentRegion = English;
			hasScannedForEncodings = 0;
			knownRegions = (
				en,
				Base,
				ru,
			);
			mainGroup = B3B2B9201C90CD1600468342;
			productRefGroup = B3B2B92A1C90CD1600468342 /* Products */;
			projectDirPath = "";
			projectRoot = "";
			targets = (
				B3B2B9281C90CD1600468342 /* Controlio */,
			);
		};
/* End PBXProject section */

/* Begin PBXResourcesBuildPhase section */
		B3B2B9271C90CD1600468342 /* Resources */ = {
			isa = PBXResourcesBuildPhase;
			buildActionMask = 2147483647;
			files = (
				B383236B1CDC3FB3004D0A1C /* SFUIDisplay-Semibold.otf in Resources */,
				B3E57BF21D9602DB00F699F1 /* AddManagerCell.xib in Resources */,
				B383238E1CDC409D004D0A1C /* SFUIText-Italic.otf in Resources */,
				B3B2B9371C90CD1600468342 /* LaunchScreen.storyboard in Resources */,
				B38323681CDC3FB3004D0A1C /* SFUIDisplay-Light.otf in Resources */,
				B38323941CDC409D004D0A1C /* SFUIText-Medium.otf in Resources */,
				B383236A1CDC3FB3004D0A1C /* SFUIDisplay-Regular.otf in Resources */,
				B38323961CDC409D004D0A1C /* SFUIText-Regular.otf in Resources */,
				B38323981CDC409D004D0A1C /* SFUIText-RegularG2.otf in Resources */,
				B38323691CDC3FB3004D0A1C /* SFUIDisplay-Medium.otf in Resources */,
				B3C35B0A1DB9D4F700F941F8 /* InputView.xib in Resources */,
				B38323661CDC3FB3004D0A1C /* SFUIDisplay-Bold.otf in Resources */,
				B38323971CDC409D004D0A1C /* SFUIText-RegularG1.otf in Resources */,
				B38323651CDC3FB3004D0A1C /* SFUIDisplay-Black.otf in Resources */,
				B383236C1CDC3FB3004D0A1C /* SFUIDisplay-Thin.otf in Resources */,
				B38323851CDC409D004D0A1C /* SFUIText-Bold.otf in Resources */,
				B383238D1CDC409D004D0A1C /* SFUIText-HeavyItalic.otf in Resources */,
				B38323931CDC409D004D0A1C /* SFUIText-LightItalic.otf in Resources */,
				B38323991CDC409D004D0A1C /* SFUIText-RegularG3.otf in Resources */,
				B38323671CDC3FB3004D0A1C /* SFUIDisplay-Heavy.otf in Resources */,
				B38323881CDC409D004D0A1C /* SFUIText-BoldG3.otf in Resources */,
				B3EA114D1D93A9740026658B /* UserCell.xib in Resources */,
				B383239B1CDC409D004D0A1C /* SFUIText-SemiboldItalic.otf in Resources */,
				B37630531CE28741004FE1B7 /* AttachmentView.xib in Resources */,
				B383238C1CDC409D004D0A1C /* SFUIText-Heavy.otf in Resources */,
				B383236D1CDC3FB3004D0A1C /* SFUIDisplay-Ultralight.otf in Resources */,
				B38323951CDC409D004D0A1C /* SFUIText-MediumItalic.otf in Resources */,
				B383238B1CDC409D004D0A1C /* SFUIText-BoldItalicG3.otf in Resources */,
				B3B2B9341C90CD1600468342 /* Assets.xcassets in Resources */,
				B383238A1CDC409D004D0A1C /* SFUIText-BoldItalicG2.otf in Resources */,
				B38323861CDC409D004D0A1C /* SFUIText-BoldG1.otf in Resources */,
				B3F3039C1DAF4B6700535FCD /* EditProfileCell.xib in Resources */,
				B3F303921DAF4B0500535FCD /* PostCell.xib in Resources */,
				B38323911CDC409D004D0A1C /* SFUIText-ItalicG3.otf in Resources */,
				B3B2B9321C90CD1600468342 /* Login.storyboard in Resources */,
				B383239A1CDC409D004D0A1C /* SFUIText-Semibold.otf in Resources */,
				B38323901CDC409D004D0A1C /* SFUIText-ItalicG2.otf in Resources */,
				B38323871CDC409D004D0A1C /* SFUIText-BoldG2.otf in Resources */,
				B3F3038D1DAF4AE900535FCD /* ProjectCell.xib in Resources */,
				B383238F1CDC409D004D0A1C /* SFUIText-ItalicG1.otf in Resources */,
				B3F303A31DAF53B600535FCD /* Localizable.strings in Resources */,
				B3F303881DAF491200535FCD /* Main.storyboard in Resources */,
				B38323921CDC409D004D0A1C /* SFUIText-Light.otf in Resources */,
				B3F303971DAF4B1800535FCD /* NewProjectCell.xib in Resources */,
				B38323891CDC409D004D0A1C /* SFUIText-BoldItalicG1.otf in Resources */,
			);
			runOnlyForDeploymentPostprocessing = 0;
		};
/* End PBXResourcesBuildPhase section */

/* Begin PBXShellScriptBuildPhase section */
		1FD32C2C727F71C23EF7FFDD /* [CP] Embed Pods Frameworks */ = {
			isa = PBXShellScriptBuildPhase;
			buildActionMask = 2147483647;
			files = (
			);
			inputPaths = (
			);
			name = "[CP] Embed Pods Frameworks";
			outputPaths = (
			);
			runOnlyForDeploymentPostprocessing = 0;
			shellPath = /bin/sh;
			shellScript = "\"${SRCROOT}/Pods/Target Support Files/Pods-Controlio/Pods-Controlio-frameworks.sh\"\n";
			showEnvVarsInLog = 0;
		};
		B33805C41E1F5B5A0096B081 /* ShellScript */ = {
			isa = PBXShellScriptBuildPhase;
			buildActionMask = 2147483647;
			files = (
			);
			inputPaths = (
			);
			outputPaths = (
			);
			runOnlyForDeploymentPostprocessing = 0;
			shellPath = /bin/sh;
			shellScript = "\"$PODS_ROOT/R.swift/rswift\" \"$SRCROOT\"";
		};
		E9B4A12B8FD7D9E157367305 /* [CP] Check Pods Manifest.lock */ = {
			isa = PBXShellScriptBuildPhase;
			buildActionMask = 2147483647;
			files = (
			);
			inputPaths = (
			);
			name = "[CP] Check Pods Manifest.lock";
			outputPaths = (
			);
			runOnlyForDeploymentPostprocessing = 0;
			shellPath = /bin/sh;
			shellScript = "diff \"${PODS_ROOT}/../Podfile.lock\" \"${PODS_ROOT}/Manifest.lock\" > /dev/null\nif [ $? != 0 ] ; then\n    # print error to STDERR\n    echo \"error: The sandbox is not in sync with the Podfile.lock. Run 'pod install' or update your CocoaPods installation.\" >&2\n    exit 1\nfi\n";
			showEnvVarsInLog = 0;
		};
		F4567DA6C63491D93E991ADF /* [CP] Copy Pods Resources */ = {
			isa = PBXShellScriptBuildPhase;
			buildActionMask = 2147483647;
			files = (
			);
			inputPaths = (
			);
			name = "[CP] Copy Pods Resources";
			outputPaths = (
			);
			runOnlyForDeploymentPostprocessing = 0;
			shellPath = /bin/sh;
			shellScript = "\"${SRCROOT}/Pods/Target Support Files/Pods-Controlio/Pods-Controlio-resources.sh\"\n";
			showEnvVarsInLog = 0;
		};
/* End PBXShellScriptBuildPhase section */

/* Begin PBXSourcesBuildPhase section */
		B3B2B9251C90CD1600468342 /* Sources */ = {
			isa = PBXSourcesBuildPhase;
			buildActionMask = 2147483647;
			files = (
				B3E57BF41D9604B100F699F1 /* AddManagerViewController.swift in Sources */,
				B3E634D31C91344400C0572A /* Router.swift in Sources */,
				B383239D1CDC4336004D0A1C /* CatchPhraseView.swift in Sources */,
				B3D1692E1CDDC15F0080D748 /* SupportController.swift in Sources */,
				B3FEB8441C9630BA0048B688 /* UIImageView+BeautifulWebImage.swift in Sources */,
				B37630581CE28E9B004FE1B7 /* AttachmentWrapperView.swift in Sources */,
				B3FEB8471C9631870048B688 /* CustomizableView.swift in Sources */,
				B3FEB8491C963E260048B688 /* CustomizableImageView.swift in Sources */,
				B3EA114C1D93A9740026658B /* UserCell.swift in Sources */,
				B3D8C6F41CFBFBF4001EE432 /* Server.swift in Sources */,
				B3C305A11CDFD79500C8E85F /* SettingsController.swift in Sources */,
				B3E634DD1C914D6200C0572A /* MainController.swift in Sources */,
				B3E634D51C91444700C0572A /* RecoveryViewController.swift in Sources */,
				B3FEB83F1C9630290048B688 /* ProjectCell.swift in Sources */,
				B3D8C6FA1CFC0A78001EE432 /* S3.swift in Sources */,
				B37630551CE28CA4004FE1B7 /* AttachmentContainerView.swift in Sources */,
				B3FFC6C71CE6894C00595E85 /* CustomNavigationController.swift in Sources */,
				B3E634DF1C91514D00C0572A /* ProjectsController.swift in Sources */,
				B3C305A81CDFEAB900C8E85F /* User.swift in Sources */,
				B3B2B92D1C90CD1600468342 /* AppDelegate.swift in Sources */,
				B3C03D0E1C90D70A0096E04C /* GradientView.swift in Sources */,
				B3E7B12E1DA08857004FBF86 /* ImageGallery.swift in Sources */,
				B3C305B41CE0031E00C8E85F /* String+Height.swift in Sources */,
				B3C305B01CDFFB5900C8E85F /* PostCell.swift in Sources */,
				B3C305A31CDFE06200C8E85F /* ProjectController.swift in Sources */,
				B3AA2F8F1C910ACC00FE7E54 /* RoundedBorderedTextField.swift in Sources */,
				B33805C71E1F5BE70096B081 /* R.generated.swift in Sources */,
				B3D8C6F81CFBFD7E001EE432 /* NSUserDefaults+extensions.swift in Sources */,
				B3E57BF11D9602DB00F699F1 /* AddManagerCell.swift in Sources */,
				B390C7A51CDE9B5400D5F021 /* IndexPath+Additions.swift in Sources */,
				B3C03D171C90FEB70096E04C /* DemoAccountLanguage.swift in Sources */,
				B301EFDD1CE59A0A0013CD4D /* UIImagePickerDelegate+UINavgiationControllerDelegate.swift in Sources */,
				B3E8157C1CE1603400E8F87B /* NewProjectController.swift in Sources */,
				B3C35B121DB9E50C00F941F8 /* FeatureList.swift in Sources */,
				B3E634E11C915B9300C0572A /* UISearchBar+CursorTint.swift in Sources */,
				B3E815791CE1566900E8F87B /* NewProjectCell.swift in Sources */,
				B3D1692C1CDDA5950080D748 /* PopupNotification.swift in Sources */,
				B3FFC6C91CE69D6700595E85 /* CustomSearchController.swift in Sources */,
				B3C03D101C90DAA60096E04C /* UIColor+Controlio.swift in Sources */,
				B37630511CE28737004FE1B7 /* AttachmentView.swift in Sources */,
				B3E7B12A1D9B969C004FBF86 /* String+EmailValidation.swift in Sources */,
				B30A42181DA6319C001FB870 /* UIApplication+TopVC.swift in Sources */,
				B37F10E51D962F9A00CAA8D4 /* EditProfileCell.swift in Sources */,
				B3C305AA1CDFEB0200C8E85F /* Post.swift in Sources */,
				B3AA2F911C9110EF00FE7E54 /* LoginViewController.swift in Sources */,
				B3C03D1A1C90FF890096E04C /* UIAlertController+Additions.swift in Sources */,
				B3E7B1281D9B3D40004FBF86 /* Platform.swift in Sources */,
				B3D8C6F61CFBFC6B001EE432 /* Config.swift in Sources */,
				B3A89D541DB8069D00211EFF /* Payments.swift in Sources */,
				B30A42161DA61FC6001FB870 /* MagicLinkViewController.swift in Sources */,
				B3E7B12C1D9F0DBC004FBF86 /* Date+ISO.swift in Sources */,
				B3C305AE1CDFF43400C8E85F /* NSDateFormatter+Extensions.swift in Sources */,
				B3A178D71DB2D12500C0E311 /* PlansController.swift in Sources */,
				B37F10E21D962F2500CAA8D4 /* EditProfileViewController.swift in Sources */,
				B3C03D121C90E6E70096E04C /* RoundedShadowedButton.swift in Sources */,
				B3EA11491D93A7350026658B /* ManagerTableViewController.swift in Sources */,
				B3BA9C311CE18ED300647470 /* InputView.swift in Sources */,
				B390C7A31CDE96B800D5F021 /* DeepLink.swift in Sources */,
				B3C305A61CDFE60B00C8E85F /* Project.swift in Sources */,
			);
			runOnlyForDeploymentPostprocessing = 0;
		};
/* End PBXSourcesBuildPhase section */

/* Begin PBXVariantGroup section */
		B3B2B9301C90CD1600468342 /* Login.storyboard */ = {
			isa = PBXVariantGroup;
			children = (
				B3B2B9311C90CD1600468342 /* Base */,
				B3F303851DAF08E400535FCD /* ru */,
			);
			name = Login.storyboard;
			sourceTree = "<group>";
		};
		B3B2B9351C90CD1600468342 /* LaunchScreen.storyboard */ = {
			isa = PBXVariantGroup;
			children = (
				B3B2B9361C90CD1600468342 /* Base */,
				B3F303841DAF08E400535FCD /* ru */,
			);
			name = LaunchScreen.storyboard;
			sourceTree = "<group>";
		};
		B3C35B0C1DB9D4F700F941F8 /* InputView.xib */ = {
			isa = PBXVariantGroup;
			children = (
				B3C35B0B1DB9D4F700F941F8 /* Base */,
				B3C35B0E1DB9D4FA00F941F8 /* ru */,
			);
			name = InputView.xib;
			sourceTree = "<group>";
		};
		B3F3038A1DAF491200535FCD /* Main.storyboard */ = {
			isa = PBXVariantGroup;
			children = (
				B3F303891DAF491200535FCD /* Base */,
				B3C35B091DB9D29900F941F8 /* ru */,
			);
			name = Main.storyboard;
			sourceTree = "<group>";
		};
		B3F3038F1DAF4AE900535FCD /* ProjectCell.xib */ = {
			isa = PBXVariantGroup;
			children = (
				B3F3038E1DAF4AE900535FCD /* Base */,
				B3F303911DAF4AEC00535FCD /* ru */,
			);
			name = ProjectCell.xib;
			sourceTree = "<group>";
		};
		B3F303941DAF4B0500535FCD /* PostCell.xib */ = {
			isa = PBXVariantGroup;
			children = (
				B3F303931DAF4B0500535FCD /* Base */,
				B3F303961DAF4B0700535FCD /* ru */,
			);
			name = PostCell.xib;
			sourceTree = "<group>";
		};
		B3F303991DAF4B1800535FCD /* NewProjectCell.xib */ = {
			isa = PBXVariantGroup;
			children = (
				B3F303981DAF4B1800535FCD /* Base */,
				B3F3039B1DAF4B3600535FCD /* ru */,
			);
			name = NewProjectCell.xib;
			sourceTree = "<group>";
		};
		B3F3039E1DAF4B6700535FCD /* EditProfileCell.xib */ = {
			isa = PBXVariantGroup;
			children = (
				B3F3039D1DAF4B6700535FCD /* Base */,
				B3F303A01DAF4B6A00535FCD /* ru */,
			);
			name = EditProfileCell.xib;
			sourceTree = "<group>";
		};
		B3F303A51DAF53B600535FCD /* Localizable.strings */ = {
			isa = PBXVariantGroup;
			children = (
				B3F303A41DAF53B600535FCD /* Base */,
				B3F303A61DAF53B800535FCD /* ru */,
			);
			name = Localizable.strings;
			sourceTree = "<group>";
		};
/* End PBXVariantGroup section */

/* Begin XCBuildConfiguration section */
		B3B2B9391C90CD1600468342 /* Debug */ = {
			isa = XCBuildConfiguration;
			buildSettings = {
				ALWAYS_SEARCH_USER_PATHS = NO;
				CLANG_ANALYZER_LOCALIZABILITY_NONLOCALIZED = YES;
				CLANG_CXX_LANGUAGE_STANDARD = "gnu++0x";
				CLANG_CXX_LIBRARY = "libc++";
				CLANG_ENABLE_MODULES = YES;
				CLANG_ENABLE_OBJC_ARC = YES;
				CLANG_WARN_BOOL_CONVERSION = YES;
				CLANG_WARN_CONSTANT_CONVERSION = YES;
				CLANG_WARN_DIRECT_OBJC_ISA_USAGE = YES_ERROR;
				CLANG_WARN_EMPTY_BODY = YES;
				CLANG_WARN_ENUM_CONVERSION = YES;
				CLANG_WARN_INFINITE_RECURSION = YES;
				CLANG_WARN_INT_CONVERSION = YES;
				CLANG_WARN_OBJC_ROOT_CLASS = YES_ERROR;
				CLANG_WARN_SUSPICIOUS_MOVE = YES;
				CLANG_WARN_UNREACHABLE_CODE = YES;
				CLANG_WARN__DUPLICATE_METHOD_MATCH = YES;
				"CODE_SIGN_IDENTITY[sdk=iphoneos*]" = "iPhone Developer";
				COPY_PHASE_STRIP = NO;
				DEBUG_INFORMATION_FORMAT = dwarf;
				ENABLE_STRICT_OBJC_MSGSEND = YES;
				ENABLE_TESTABILITY = YES;
				GCC_C_LANGUAGE_STANDARD = gnu99;
				GCC_DYNAMIC_NO_PIC = NO;
				GCC_NO_COMMON_BLOCKS = YES;
				GCC_OPTIMIZATION_LEVEL = 0;
				GCC_PREPROCESSOR_DEFINITIONS = (
					"DEBUG=1",
					"$(inherited)",
				);
				GCC_WARN_64_TO_32_BIT_CONVERSION = YES;
				GCC_WARN_ABOUT_RETURN_TYPE = YES_ERROR;
				GCC_WARN_UNDECLARED_SELECTOR = YES;
				GCC_WARN_UNINITIALIZED_AUTOS = YES_AGGRESSIVE;
				GCC_WARN_UNUSED_FUNCTION = YES;
				GCC_WARN_UNUSED_VARIABLE = YES;
				IPHONEOS_DEPLOYMENT_TARGET = 9.2;
				MTL_ENABLE_DEBUG_INFO = YES;
				ONLY_ACTIVE_ARCH = YES;
				SDKROOT = iphoneos;
				SWIFT_OPTIMIZATION_LEVEL = "-Onone";
				TARGETED_DEVICE_FAMILY = "1,2";
			};
			name = Debug;
		};
		B3B2B93A1C90CD1600468342 /* Release */ = {
			isa = XCBuildConfiguration;
			buildSettings = {
				ALWAYS_SEARCH_USER_PATHS = NO;
				CLANG_ANALYZER_LOCALIZABILITY_NONLOCALIZED = YES;
				CLANG_CXX_LANGUAGE_STANDARD = "gnu++0x";
				CLANG_CXX_LIBRARY = "libc++";
				CLANG_ENABLE_MODULES = YES;
				CLANG_ENABLE_OBJC_ARC = YES;
				CLANG_WARN_BOOL_CONVERSION = YES;
				CLANG_WARN_CONSTANT_CONVERSION = YES;
				CLANG_WARN_DIRECT_OBJC_ISA_USAGE = YES_ERROR;
				CLANG_WARN_EMPTY_BODY = YES;
				CLANG_WARN_ENUM_CONVERSION = YES;
				CLANG_WARN_INFINITE_RECURSION = YES;
				CLANG_WARN_INT_CONVERSION = YES;
				CLANG_WARN_OBJC_ROOT_CLASS = YES_ERROR;
				CLANG_WARN_SUSPICIOUS_MOVE = YES;
				CLANG_WARN_UNREACHABLE_CODE = YES;
				CLANG_WARN__DUPLICATE_METHOD_MATCH = YES;
				"CODE_SIGN_IDENTITY[sdk=iphoneos*]" = "iPhone Developer";
				COPY_PHASE_STRIP = NO;
				DEBUG_INFORMATION_FORMAT = "dwarf-with-dsym";
				ENABLE_NS_ASSERTIONS = NO;
				ENABLE_STRICT_OBJC_MSGSEND = YES;
				GCC_C_LANGUAGE_STANDARD = gnu99;
				GCC_NO_COMMON_BLOCKS = YES;
				GCC_WARN_64_TO_32_BIT_CONVERSION = YES;
				GCC_WARN_ABOUT_RETURN_TYPE = YES_ERROR;
				GCC_WARN_UNDECLARED_SELECTOR = YES;
				GCC_WARN_UNINITIALIZED_AUTOS = YES_AGGRESSIVE;
				GCC_WARN_UNUSED_FUNCTION = YES;
				GCC_WARN_UNUSED_VARIABLE = YES;
				IPHONEOS_DEPLOYMENT_TARGET = 9.2;
				MTL_ENABLE_DEBUG_INFO = NO;
				SDKROOT = iphoneos;
				SWIFT_OPTIMIZATION_LEVEL = "-Owholemodule";
				TARGETED_DEVICE_FAMILY = "1,2";
				VALIDATE_PRODUCT = YES;
			};
			name = Release;
		};
		B3B2B93C1C90CD1600468342 /* Debug */ = {
			isa = XCBuildConfiguration;
			baseConfigurationReference = 78CB8BDD8D1FD1F9D323F17C /* Pods-Controlio.debug.xcconfig */;
			buildSettings = {
				ALWAYS_EMBED_SWIFT_STANDARD_LIBRARIES = "$(inherited)";
				ASSETCATALOG_COMPILER_APPICON_NAME = AppIcon;
				CLANG_ANALYZER_LOCALIZABILITY_EMPTY_CONTEXT = YES;
				CLANG_ANALYZER_LOCALIZABILITY_NONLOCALIZED = YES;
				CODE_SIGN_ENTITLEMENTS = Controlio/Controlio.entitlements;
				CODE_SIGN_IDENTITY = "";
				"CODE_SIGN_IDENTITY[sdk=iphoneos*]" = "iPhone Developer";
				DEVELOPMENT_TEAM = 9VUB6L23QH;
				INFOPLIST_FILE = Controlio/Info.plist;
				IPHONEOS_DEPLOYMENT_TARGET = 10.0;
				LD_RUNPATH_SEARCH_PATHS = "$(inherited) @executable_path/Frameworks";
				PRODUCT_BUNDLE_IDENTIFIER = BorodutchStudio.Controlio;
				PRODUCT_NAME = "$(TARGET_NAME)";
				PROVISIONING_PROFILE = "";
				PROVISIONING_PROFILE_SPECIFIER = "";
				SWIFT_VERSION = 3.0;
			};
			name = Debug;
		};
		B3B2B93D1C90CD1600468342 /* Release */ = {
			isa = XCBuildConfiguration;
			baseConfigurationReference = 9E0CE87DC6458B1EA1E9217C /* Pods-Controlio.release.xcconfig */;
			buildSettings = {
				ALWAYS_EMBED_SWIFT_STANDARD_LIBRARIES = "$(inherited)";
				ASSETCATALOG_COMPILER_APPICON_NAME = AppIcon;
				CLANG_ANALYZER_LOCALIZABILITY_EMPTY_CONTEXT = YES;
				CLANG_ANALYZER_LOCALIZABILITY_NONLOCALIZED = YES;
				CODE_SIGN_ENTITLEMENTS = Controlio/Controlio.entitlements;
				CODE_SIGN_IDENTITY = "";
				"CODE_SIGN_IDENTITY[sdk=iphoneos*]" = "iPhone Developer";
				DEVELOPMENT_TEAM = 9VUB6L23QH;
				INFOPLIST_FILE = Controlio/Info.plist;
				IPHONEOS_DEPLOYMENT_TARGET = 10.0;
				LD_RUNPATH_SEARCH_PATHS = "$(inherited) @executable_path/Frameworks";
				PRODUCT_BUNDLE_IDENTIFIER = BorodutchStudio.Controlio;
				PRODUCT_NAME = "$(TARGET_NAME)";
				PROVISIONING_PROFILE = "";
				PROVISIONING_PROFILE_SPECIFIER = "";
				SWIFT_VERSION = 3.0;
			};
			name = Release;
		};
/* End XCBuildConfiguration section */

/* Begin XCConfigurationList section */
		B3B2B9241C90CD1600468342 /* Build configuration list for PBXProject "Controlio" */ = {
			isa = XCConfigurationList;
			buildConfigurations = (
				B3B2B9391C90CD1600468342 /* Debug */,
				B3B2B93A1C90CD1600468342 /* Release */,
			);
			defaultConfigurationIsVisible = 0;
			defaultConfigurationName = Release;
		};
		B3B2B93B1C90CD1600468342 /* Build configuration list for PBXNativeTarget "Controlio" */ = {
			isa = XCConfigurationList;
			buildConfigurations = (
				B3B2B93C1C90CD1600468342 /* Debug */,
				B3B2B93D1C90CD1600468342 /* Release */,
			);
			defaultConfigurationIsVisible = 0;
			defaultConfigurationName = Release;
		};
/* End XCConfigurationList section */
	};
	rootObject = B3B2B9211C90CD1600468342 /* Project object */;
}
